// !$*UTF8*$!
{
	archiveVersion = 1;
	classes = {
	};
	objectVersion = 50;
	objects = {

/* Begin PBXBuildFile section */
		2398B37422E8C81200249275 /* AppDelegate.swift in Sources */ = {isa = PBXBuildFile; fileRef = 2398B37322E8C81200249275 /* AppDelegate.swift */; };
		2398B37B22E8C81300249275 /* Assets.xcassets in Resources */ = {isa = PBXBuildFile; fileRef = 2398B37A22E8C81300249275 /* Assets.xcassets */; };
		E650A3DC22EA324D00E78E81 /* LaunchScreen.storyboard in Resources */ = {isa = PBXBuildFile; fileRef = E650A3DA22EA324C00E78E81 /* LaunchScreen.storyboard */; };
		E650A3DD22EA324D00E78E81 /* Main.storyboard in Resources */ = {isa = PBXBuildFile; fileRef = E650A3DB22EA324D00E78E81 /* Main.storyboard */; };
		E650A3EB22EA3BF600E78E81 /* Pessoa.swift in Sources */ = {isa = PBXBuildFile; fileRef = E650A3E322EA3BF600E78E81 /* Pessoa.swift */; };
		E650A3EE22EA3BF600E78E81 /* ConfirmacaoTableViewController.swift in Sources */ = {isa = PBXBuildFile; fileRef = E650A3E622EA3BF600E78E81 /* ConfirmacaoTableViewController.swift */; };
		E650A3EF22EA3BF600E78E81 /* Banco.swift in Sources */ = {isa = PBXBuildFile; fileRef = E650A3E722EA3BF600E78E81 /* Banco.swift */; };
		E650A3F022EA3BF600E78E81 /* ViewController.swift in Sources */ = {isa = PBXBuildFile; fileRef = E650A3E822EA3BF600E78E81 /* ViewController.swift */; };
		E650A3F122EA3BF600E78E81 /* Conta.swift in Sources */ = {isa = PBXBuildFile; fileRef = E650A3E922EA3BF600E78E81 /* Conta.swift */; };
		E650A3F222EA3BF600E78E81 /* ContasTableViewControllerDelegate.swift in Sources */ = {isa = PBXBuildFile; fileRef = E650A3EA22EA3BF600E78E81 /* ContasTableViewControllerDelegate.swift */; };
		E650A3F722EA40BC00E78E81 /* Name.swift in Sources */ = {isa = PBXBuildFile; fileRef = E650A3F622EA40BC00E78E81 /* Name.swift */; };
		E650A3FA22EA427700E78E81 /* ContasViewController.swift in Sources */ = {isa = PBXBuildFile; fileRef = E650A3F922EA427700E78E81 /* ContasViewController.swift */; };
		E650A3FF22EA443500E78E81 /* ContasTableView.swift in Sources */ = {isa = PBXBuildFile; fileRef = E650A3FE22EA443500E78E81 /* ContasTableView.swift */; };
		E650A40122EA450D00E78E81 /* ContatosTableView.swift in Sources */ = {isa = PBXBuildFile; fileRef = E650A40022EA450D00E78E81 /* ContatosTableView.swift */; };
		E650A40322EA486200E78E81 /* ContasTableViewDelegate.swift in Sources */ = {isa = PBXBuildFile; fileRef = E650A40222EA486200E78E81 /* ContasTableViewDelegate.swift */; };
		E650A40522EA515E00E78E81 /* ContatosTableViewDelegate.swift in Sources */ = {isa = PBXBuildFile; fileRef = E650A40422EA515E00E78E81 /* ContatosTableViewDelegate.swift */; };
/* End PBXBuildFile section */

/* Begin PBXFileReference section */
		2398B37022E8C81200249275 /* MobileTest.app */ = {isa = PBXFileReference; explicitFileType = wrapper.application; includeInIndex = 0; path = MobileTest.app; sourceTree = BUILT_PRODUCTS_DIR; };
		2398B37322E8C81200249275 /* AppDelegate.swift */ = {isa = PBXFileReference; lastKnownFileType = sourcecode.swift; path = AppDelegate.swift; sourceTree = "<group>"; };
		2398B37A22E8C81300249275 /* Assets.xcassets */ = {isa = PBXFileReference; lastKnownFileType = folder.assetcatalog; path = Assets.xcassets; sourceTree = "<group>"; };
		2398B37F22E8C81300249275 /* Info.plist */ = {isa = PBXFileReference; lastKnownFileType = text.plist.xml; path = Info.plist; sourceTree = "<group>"; };
		E650A3DA22EA324C00E78E81 /* LaunchScreen.storyboard */ = {isa = PBXFileReference; fileEncoding = 4; lastKnownFileType = file.storyboard; path = LaunchScreen.storyboard; sourceTree = "<group>"; };
		E650A3DB22EA324D00E78E81 /* Main.storyboard */ = {isa = PBXFileReference; fileEncoding = 4; lastKnownFileType = file.storyboard; path = Main.storyboard; sourceTree = "<group>"; };
		E650A3E322EA3BF600E78E81 /* Pessoa.swift */ = {isa = PBXFileReference; fileEncoding = 4; lastKnownFileType = sourcecode.swift; path = Pessoa.swift; sourceTree = "<group>"; };
		E650A3E622EA3BF600E78E81 /* ConfirmacaoTableViewController.swift */ = {isa = PBXFileReference; fileEncoding = 4; lastKnownFileType = sourcecode.swift; path = ConfirmacaoTableViewController.swift; sourceTree = "<group>"; };
		E650A3E722EA3BF600E78E81 /* Banco.swift */ = {isa = PBXFileReference; fileEncoding = 4; lastKnownFileType = sourcecode.swift; path = Banco.swift; sourceTree = "<group>"; };
		E650A3E822EA3BF600E78E81 /* ViewController.swift */ = {isa = PBXFileReference; fileEncoding = 4; lastKnownFileType = sourcecode.swift; path = ViewController.swift; sourceTree = "<group>"; };
		E650A3E922EA3BF600E78E81 /* Conta.swift */ = {isa = PBXFileReference; fileEncoding = 4; lastKnownFileType = sourcecode.swift; path = Conta.swift; sourceTree = "<group>"; };
		E650A3EA22EA3BF600E78E81 /* ContasTableViewControllerDelegate.swift */ = {isa = PBXFileReference; fileEncoding = 4; lastKnownFileType = sourcecode.swift; path = ContasTableViewControllerDelegate.swift; sourceTree = "<group>"; };
		E650A3F622EA40BC00E78E81 /* Name.swift */ = {isa = PBXFileReference; lastKnownFileType = sourcecode.swift; path = Name.swift; sourceTree = "<group>"; };
		E650A3F922EA427700E78E81 /* ContasViewController.swift */ = {isa = PBXFileReference; lastKnownFileType = sourcecode.swift; path = ContasViewController.swift; sourceTree = "<group>"; };
		E650A3FE22EA443500E78E81 /* ContasTableView.swift */ = {isa = PBXFileReference; lastKnownFileType = sourcecode.swift; path = ContasTableView.swift; sourceTree = "<group>"; };
		E650A40022EA450D00E78E81 /* ContatosTableView.swift */ = {isa = PBXFileReference; lastKnownFileType = sourcecode.swift; path = ContatosTableView.swift; sourceTree = "<group>"; };
		E650A40222EA486200E78E81 /* ContasTableViewDelegate.swift */ = {isa = PBXFileReference; lastKnownFileType = sourcecode.swift; path = ContasTableViewDelegate.swift; sourceTree = "<group>"; };
		E650A40422EA515E00E78E81 /* ContatosTableViewDelegate.swift */ = {isa = PBXFileReference; lastKnownFileType = sourcecode.swift; path = ContatosTableViewDelegate.swift; sourceTree = "<group>"; };
/* End PBXFileReference section */

/* Begin PBXFrameworksBuildPhase section */
		2398B36D22E8C81200249275 /* Frameworks */ = {
			isa = PBXFrameworksBuildPhase;
			buildActionMask = 2147483647;
			files = (
			);
			runOnlyForDeploymentPostprocessing = 0;
		};
/* End PBXFrameworksBuildPhase section */

/* Begin PBXGroup section */
		2398B36722E8C81200249275 = {
			isa = PBXGroup;
			children = (
				2398B37222E8C81200249275 /* MobileTest */,
				2398B37122E8C81200249275 /* Products */,
			);
			sourceTree = "<group>";
		};
		2398B37122E8C81200249275 /* Products */ = {
			isa = PBXGroup;
			children = (
				2398B37022E8C81200249275 /* MobileTest.app */,
			);
			name = Products;
			sourceTree = "<group>";
		};
		2398B37222E8C81200249275 /* MobileTest */ = {
			isa = PBXGroup;
			children = (
				E650A3FB22EA43EA00E78E81 /* TableView */,
				E650A3F522EA3C2A00E78E81 /* Model */,
				E650A3F422EA3C1900E78E81 /* Delegates */,
				E650A3F322EA3BFE00E78E81 /* ViewControllers */,
				E650A3DE22EA327C00E78E81 /* Views */,
				2398B37A22E8C81300249275 /* Assets.xcassets */,
				2398B37322E8C81200249275 /* AppDelegate.swift */,
				2398B37F22E8C81300249275 /* Info.plist */,
			);
			path = MobileTest;
			sourceTree = "<group>";
		};
		E650A3DE22EA327C00E78E81 /* Views */ = {
			isa = PBXGroup;
			children = (
				E650A3DA22EA324C00E78E81 /* LaunchScreen.storyboard */,
				E650A3DB22EA324D00E78E81 /* Main.storyboard */,
			);
			path = Views;
			sourceTree = "<group>";
		};
		E650A3F322EA3BFE00E78E81 /* ViewControllers */ = {
			isa = PBXGroup;
			children = (
				E650A3E622EA3BF600E78E81 /* ConfirmacaoTableViewController.swift */,
				E650A3E822EA3BF600E78E81 /* ViewController.swift */,
				E650A3F922EA427700E78E81 /* ContasViewController.swift */,
			);
			path = ViewControllers;
			sourceTree = "<group>";
		};
		E650A3F422EA3C1900E78E81 /* Delegates */ = {
			isa = PBXGroup;
			children = (
				E650A3EA22EA3BF600E78E81 /* ContasTableViewControllerDelegate.swift */,
				E650A40222EA486200E78E81 /* ContasTableViewDelegate.swift */,
				E650A40422EA515E00E78E81 /* ContatosTableViewDelegate.swift */,
			);
			path = Delegates;
			sourceTree = "<group>";
		};
		E650A3F522EA3C2A00E78E81 /* Model */ = {
			isa = PBXGroup;
			children = (
				E650A3E722EA3BF600E78E81 /* Banco.swift */,
				E650A3E922EA3BF600E78E81 /* Conta.swift */,
				E650A3E322EA3BF600E78E81 /* Pessoa.swift */,
				E650A3F622EA40BC00E78E81 /* Name.swift */,
			);
			path = Model;
			sourceTree = "<group>";
		};
		E650A3FB22EA43EA00E78E81 /* TableView */ = {
			isa = PBXGroup;
			children = (
				E650A3FE22EA443500E78E81 /* ContasTableView.swift */,
				E650A40022EA450D00E78E81 /* ContatosTableView.swift */,
			);
			path = TableView;
			sourceTree = "<group>";
		};
/* End PBXGroup section */

/* Begin PBXNativeTarget section */
		2398B36F22E8C81200249275 /* MobileTest */ = {
			isa = PBXNativeTarget;
			buildConfigurationList = 2398B38222E8C81300249275 /* Build configuration list for PBXNativeTarget "MobileTest" */;
			buildPhases = (
				2398B36C22E8C81200249275 /* Sources */,
				2398B36D22E8C81200249275 /* Frameworks */,
				2398B36E22E8C81200249275 /* Resources */,
			);
			buildRules = (
			);
			dependencies = (
			);
			name = MobileTest;
			productName = MobileTest;
			productReference = 2398B37022E8C81200249275 /* MobileTest.app */;
			productType = "com.apple.product-type.application";
		};
/* End PBXNativeTarget section */

/* Begin PBXProject section */
		2398B36822E8C81200249275 /* Project object */ = {
			isa = PBXProject;
			attributes = {
				LastSwiftUpdateCheck = 1020;
				LastUpgradeCheck = 1020;
				ORGANIZATIONNAME = "Paulo Ricardo";
				TargetAttributes = {
					2398B36F22E8C81200249275 = {
						CreatedOnToolsVersion = 10.2.1;
					};
				};
			};
			buildConfigurationList = 2398B36B22E8C81200249275 /* Build configuration list for PBXProject "MobileTest" */;
			compatibilityVersion = "Xcode 9.3";
			developmentRegion = en;
			hasScannedForEncodings = 0;
			knownRegions = (
				en,
				Base,
			);
			mainGroup = 2398B36722E8C81200249275;
			productRefGroup = 2398B37122E8C81200249275 /* Products */;
			projectDirPath = "";
			projectRoot = "";
			targets = (
				2398B36F22E8C81200249275 /* MobileTest */,
			);
		};
/* End PBXProject section */

/* Begin PBXResourcesBuildPhase section */
		2398B36E22E8C81200249275 /* Resources */ = {
			isa = PBXResourcesBuildPhase;
			buildActionMask = 2147483647;
			files = (
				2398B37B22E8C81300249275 /* Assets.xcassets in Resources */,
				E650A3DD22EA324D00E78E81 /* Main.storyboard in Resources */,
				E650A3DC22EA324D00E78E81 /* LaunchScreen.storyboard in Resources */,
			);
			runOnlyForDeploymentPostprocessing = 0;
		};
/* End PBXResourcesBuildPhase section */

/* Begin PBXSourcesBuildPhase section */
		2398B36C22E8C81200249275 /* Sources */ = {
			isa = PBXSourcesBuildPhase;
			buildActionMask = 2147483647;
			files = (
				E650A40122EA450D00E78E81 /* ContatosTableView.swift in Sources */,
				E650A3FF22EA443500E78E81 /* ContasTableView.swift in Sources */,
				E650A3F222EA3BF600E78E81 /* ContasTableViewControllerDelegate.swift in Sources */,
				E650A3EF22EA3BF600E78E81 /* Banco.swift in Sources */,
				E650A3F122EA3BF600E78E81 /* Conta.swift in Sources */,
				E650A3FA22EA427700E78E81 /* ContasViewController.swift in Sources */,
				E650A3EB22EA3BF600E78E81 /* Pessoa.swift in Sources */,
				E650A3F022EA3BF600E78E81 /* ViewController.swift in Sources */,
				E650A40522EA515E00E78E81 /* ContatosTableViewDelegate.swift in Sources */,
				E650A3F722EA40BC00E78E81 /* Name.swift in Sources */,
				E650A3EE22EA3BF600E78E81 /* ConfirmacaoTableViewController.swift in Sources */,
				E650A40322EA486200E78E81 /* ContasTableViewDelegate.swift in Sources */,
				2398B37422E8C81200249275 /* AppDelegate.swift in Sources */,
			);
			runOnlyForDeploymentPostprocessing = 0;
		};
/* End PBXSourcesBuildPhase section */

/* Begin XCBuildConfiguration section */
		2398B38022E8C81300249275 /* Debug */ = {
			isa = XCBuildConfiguration;
			buildSettings = {
				ALWAYS_SEARCH_USER_PATHS = NO;
				CLANG_ANALYZER_NONNULL = YES;
				CLANG_ANALYZER_NUMBER_OBJECT_CONVERSION = YES_AGGRESSIVE;
				CLANG_CXX_LANGUAGE_STANDARD = "gnu++14";
				CLANG_CXX_LIBRARY = "libc++";
				CLANG_ENABLE_MODULES = YES;
				CLANG_ENABLE_OBJC_ARC = YES;
				CLANG_ENABLE_OBJC_WEAK = YES;
				CLANG_WARN_BLOCK_CAPTURE_AUTORELEASING = YES;
				CLANG_WARN_BOOL_CONVERSION = YES;
				CLANG_WARN_COMMA = YES;
				CLANG_WARN_CONSTANT_CONVERSION = YES;
				CLANG_WARN_DEPRECATED_OBJC_IMPLEMENTATIONS = YES;
				CLANG_WARN_DIRECT_OBJC_ISA_USAGE = YES_ERROR;
				CLANG_WARN_DOCUMENTATION_COMMENTS = YES;
				CLANG_WARN_EMPTY_BODY = YES;
				CLANG_WARN_ENUM_CONVERSION = YES;
				CLANG_WARN_INFINITE_RECURSION = YES;
				CLANG_WARN_INT_CONVERSION = YES;
				CLANG_WARN_NON_LITERAL_NULL_CONVERSION = YES;
				CLANG_WARN_OBJC_IMPLICIT_RETAIN_SELF = YES;
				CLANG_WARN_OBJC_LITERAL_CONVERSION = YES;
				CLANG_WARN_OBJC_ROOT_CLASS = YES_ERROR;
				CLANG_WARN_RANGE_LOOP_ANALYSIS = YES;
				CLANG_WARN_STRICT_PROTOTYPES = YES;
				CLANG_WARN_SUSPICIOUS_MOVE = YES;
				CLANG_WARN_UNGUARDED_AVAILABILITY = YES_AGGRESSIVE;
				CLANG_WARN_UNREACHABLE_CODE = YES;
				CLANG_WARN__DUPLICATE_METHOD_MATCH = YES;
				CODE_SIGN_IDENTITY = "iPhone Developer";
				COPY_PHASE_STRIP = NO;
				DEBUG_INFORMATION_FORMAT = dwarf;
				ENABLE_STRICT_OBJC_MSGSEND = YES;
				ENABLE_TESTABILITY = YES;
				GCC_C_LANGUAGE_STANDARD = gnu11;
				GCC_DYNAMIC_NO_PIC = NO;
				GCC_NO_COMMON_BLOCKS = YES;
				GCC_OPTIMIZATION_LEVEL = 0;
				GCC_PREPROCESSOR_DEFINITIONS = (
					"DEBUG=1",
					"$(inherited)",
				);
				GCC_WARN_64_TO_32_BIT_CONVERSION = YES;
				GCC_WARN_ABOUT_RETURN_TYPE = YES_ERROR;
				GCC_WARN_UNDECLARED_SELECTOR = YES;
				GCC_WARN_UNINITIALIZED_AUTOS = YES_AGGRESSIVE;
				GCC_WARN_UNUSED_FUNCTION = YES;
				GCC_WARN_UNUSED_VARIABLE = YES;
				IPHONEOS_DEPLOYMENT_TARGET = 12.2;
				MTL_ENABLE_DEBUG_INFO = INCLUDE_SOURCE;
				MTL_FAST_MATH = YES;
				ONLY_ACTIVE_ARCH = YES;
				SDKROOT = iphoneos;
				SWIFT_ACTIVE_COMPILATION_CONDITIONS = DEBUG;
				SWIFT_OPTIMIZATION_LEVEL = "-Onone";
			};
			name = Debug;
		};
		2398B38122E8C81300249275 /* Release */ = {
			isa = XCBuildConfiguration;
			buildSettings = {
				ALWAYS_SEARCH_USER_PATHS = NO;
				CLANG_ANALYZER_NONNULL = YES;
				CLANG_ANALYZER_NUMBER_OBJECT_CONVERSION = YES_AGGRESSIVE;
				CLANG_CXX_LANGUAGE_STANDARD = "gnu++14";
				CLANG_CXX_LIBRARY = "libc++";
				CLANG_ENABLE_MODULES = YES;
				CLANG_ENABLE_OBJC_ARC = YES;
				CLANG_ENABLE_OBJC_WEAK = YES;
				CLANG_WARN_BLOCK_CAPTURE_AUTORELEASING = YES;
				CLANG_WARN_BOOL_CONVERSION = YES;
				CLANG_WARN_COMMA = YES;
				CLANG_WARN_CONSTANT_CONVERSION = YES;
				CLANG_WARN_DEPRECATED_OBJC_IMPLEMENTATIONS = YES;
				CLANG_WARN_DIRECT_OBJC_ISA_USAGE = YES_ERROR;
				CLANG_WARN_DOCUMENTATION_COMMENTS = YES;
				CLANG_WARN_EMPTY_BODY = YES;
				CLANG_WARN_ENUM_CONVERSION = YES;
				CLANG_WARN_INFINITE_RECURSION = YES;
				CLANG_WARN_INT_CONVERSION = YES;
				CLANG_WARN_NON_LITERAL_NULL_CONVERSION = YES;
				CLANG_WARN_OBJC_IMPLICIT_RETAIN_SELF = YES;
				CLANG_WARN_OBJC_LITERAL_CONVERSION = YES;
				CLANG_WARN_OBJC_ROOT_CLASS = YES_ERROR;
				CLANG_WARN_RANGE_LOOP_ANALYSIS = YES;
				CLANG_WARN_STRICT_PROTOTYPES = YES;
				CLANG_WARN_SUSPICIOUS_MOVE = YES;
				CLANG_WARN_UNGUARDED_AVAILABILITY = YES_AGGRESSIVE;
				CLANG_WARN_UNREACHABLE_CODE = YES;
				CLANG_WARN__DUPLICATE_METHOD_MATCH = YES;
				CODE_SIGN_IDENTITY = "iPhone Developer";
				COPY_PHASE_STRIP = NO;
				DEBUG_INFORMATION_FORMAT = "dwarf-with-dsym";
				ENABLE_NS_ASSERTIONS = NO;
				ENABLE_STRICT_OBJC_MSGSEND = YES;
				GCC_C_LANGUAGE_STANDARD = gnu11;
				GCC_NO_COMMON_BLOCKS = YES;
				GCC_WARN_64_TO_32_BIT_CONVERSION = YES;
				GCC_WARN_ABOUT_RETURN_TYPE = YES_ERROR;
				GCC_WARN_UNDECLARED_SELECTOR = YES;
				GCC_WARN_UNINITIALIZED_AUTOS = YES_AGGRESSIVE;
				GCC_WARN_UNUSED_FUNCTION = YES;
				GCC_WARN_UNUSED_VARIABLE = YES;
				IPHONEOS_DEPLOYMENT_TARGET = 12.2;
				MTL_ENABLE_DEBUG_INFO = NO;
				MTL_FAST_MATH = YES;
				SDKROOT = iphoneos;
				SWIFT_COMPILATION_MODE = wholemodule;
				SWIFT_OPTIMIZATION_LEVEL = "-O";
				VALIDATE_PRODUCT = YES;
			};
			name = Release;
		};
		2398B38322E8C81300249275 /* Debug */ = {
			isa = XCBuildConfiguration;
			buildSettings = {
				ASSETCATALOG_COMPILER_APPICON_NAME = AppIcon;
				CODE_SIGN_STYLE = Automatic;
				DEVELOPMENT_TEAM = DRP2X5MTUR;
				INFOPLIST_FILE = MobileTest/Info.plist;
				LD_RUNPATH_SEARCH_PATHS = (
					"$(inherited)",
					"@executable_path/Frameworks",
				);
				PRODUCT_BUNDLE_IDENTIFIER = com.pauloricardo.MobileTest;
				PRODUCT_NAME = "$(TARGET_NAME)";
				SWIFT_VERSION = 5.0;
				TARGETED_DEVICE_FAMILY = "1,2";
			};
			name = Debug;
		};
		2398B38422E8C81300249275 /* Release */ = {
			isa = XCBuildConfiguration;
			buildSettings = {
				ASSETCATALOG_COMPILER_APPICON_NAME = AppIcon;
				CODE_SIGN_STYLE = Automatic;
				DEVELOPMENT_TEAM = DRP2X5MTUR;
				INFOPLIST_FILE = MobileTest/Info.plist;
				LD_RUNPATH_SEARCH_PATHS = (
					"$(inherited)",
					"@executable_path/Frameworks",
				);
				PRODUCT_BUNDLE_IDENTIFIER = com.pauloricardo.MobileTest;
				PRODUCT_NAME = "$(TARGET_NAME)";
				SWIFT_VERSION = 5.0;
				TARGETED_DEVICE_FAMILY = "1,2";
			};
			name = Release;
		};
/* End XCBuildConfiguration section */

/* Begin XCConfigurationList section */
		2398B36B22E8C81200249275 /* Build configuration list for PBXProject "MobileTest" */ = {
			isa = XCConfigurationList;
			buildConfigurations = (
				2398B38022E8C81300249275 /* Debug */,
				2398B38122E8C81300249275 /* Release */,
			);
			defaultConfigurationIsVisible = 0;
			defaultConfigurationName = Release;
		};
		2398B38222E8C81300249275 /* Build configuration list for PBXNativeTarget "MobileTest" */ = {
			isa = XCConfigurationList;
			buildConfigurations = (
				2398B38322E8C81300249275 /* Debug */,
				2398B38422E8C81300249275 /* Release */,
			);
			defaultConfigurationIsVisible = 0;
			defaultConfigurationName = Release;
		};
/* End XCConfigurationList section */
	};
	rootObject = 2398B36822E8C81200249275 /* Project object */;
}
